// !$*UTF8*$!
{
	archiveVersion = 1;
	classes = {
	};
	objectVersion = 53;
	objects = {

/* Begin PBXBuildFile section */
		F53BCC2026CC04C900E19E41 /* SoundCollectionViewItem.swift in Sources */ = {isa = PBXBuildFile; fileRef = F53BCC1E26CC04C900E19E41 /* SoundCollectionViewItem.swift */; };
		F53BCC2126CC04C900E19E41 /* SoundCollectionViewItem.xib in Resources */ = {isa = PBXBuildFile; fileRef = F53BCC1F26CC04C900E19E41 /* SoundCollectionViewItem.xib */; };
		F53BCC2326CC05EC00E19E41 /* play.png in Resources */ = {isa = PBXBuildFile; fileRef = F53BCC2226CC05EC00E19E41 /* play.png */; };
		F53BCC2826CC0CE900E19E41 /* SoundView.swift in Sources */ = {isa = PBXBuildFile; fileRef = F53BCC2726CC0CE900E19E41 /* SoundView.swift */; };
		F5A3571F26CBFE9000B0C6FE /* AppDelegate.swift in Sources */ = {isa = PBXBuildFile; fileRef = F5A3571E26CBFE9000B0C6FE /* AppDelegate.swift */; };
		F5A3572126CBFE9000B0C6FE /* ViewController.swift in Sources */ = {isa = PBXBuildFile; fileRef = F5A3572026CBFE9000B0C6FE /* ViewController.swift */; };
		F5A3572326CBFE9000B0C6FE /* Assets.xcassets in Resources */ = {isa = PBXBuildFile; fileRef = F5A3572226CBFE9000B0C6FE /* Assets.xcassets */; };
		F5A3572626CBFE9000B0C6FE /* Main.storyboard in Resources */ = {isa = PBXBuildFile; fileRef = F5A3572426CBFE9000B0C6FE /* Main.storyboard */; };
		F5A3573226CBFE9000B0C6FE /* beeperTests.swift in Sources */ = {isa = PBXBuildFile; fileRef = F5A3573126CBFE9000B0C6FE /* beeperTests.swift */; };
		F5A3573D26CBFE9000B0C6FE /* beeperUITests.swift in Sources */ = {isa = PBXBuildFile; fileRef = F5A3573C26CBFE9000B0C6FE /* beeperUITests.swift */; };
/* End PBXBuildFile section */

/* Begin PBXContainerItemProxy section */
		F5A3572E26CBFE9000B0C6FE /* PBXContainerItemProxy */ = {
			isa = PBXContainerItemProxy;
			containerPortal = F5A3571326CBFE9000B0C6FE /* Project object */;
			proxyType = 1;
			remoteGlobalIDString = F5A3571A26CBFE9000B0C6FE;
			remoteInfo = beeper;
		};
		F5A3573926CBFE9000B0C6FE /* PBXContainerItemProxy */ = {
			isa = PBXContainerItemProxy;
			containerPortal = F5A3571326CBFE9000B0C6FE /* Project object */;
			proxyType = 1;
			remoteGlobalIDString = F5A3571A26CBFE9000B0C6FE;
			remoteInfo = beeper;
		};
/* End PBXContainerItemProxy section */

/* Begin PBXFileReference section */
		F53BCC1E26CC04C900E19E41 /* SoundCollectionViewItem.swift */ = {isa = PBXFileReference; lastKnownFileType = sourcecode.swift; path = SoundCollectionViewItem.swift; sourceTree = "<group>"; };
		F53BCC1F26CC04C900E19E41 /* SoundCollectionViewItem.xib */ = {isa = PBXFileReference; lastKnownFileType = file.xib; path = SoundCollectionViewItem.xib; sourceTree = "<group>"; };
		F53BCC2226CC05EC00E19E41 /* play.png */ = {isa = PBXFileReference; lastKnownFileType = image.png; path = play.png; sourceTree = "<group>"; };
		F53BCC2726CC0CE900E19E41 /* SoundView.swift */ = {isa = PBXFileReference; lastKnownFileType = sourcecode.swift; path = SoundView.swift; sourceTree = "<group>"; };
		F5A3571B26CBFE9000B0C6FE /* beeper.app */ = {isa = PBXFileReference; explicitFileType = wrapper.application; includeInIndex = 0; path = beeper.app; sourceTree = BUILT_PRODUCTS_DIR; };
		F5A3571E26CBFE9000B0C6FE /* AppDelegate.swift */ = {isa = PBXFileReference; lastKnownFileType = sourcecode.swift; path = AppDelegate.swift; sourceTree = "<group>"; };
		F5A3572026CBFE9000B0C6FE /* ViewController.swift */ = {isa = PBXFileReference; lastKnownFileType = sourcecode.swift; path = ViewController.swift; sourceTree = "<group>"; };
		F5A3572226CBFE9000B0C6FE /* Assets.xcassets */ = {isa = PBXFileReference; lastKnownFileType = folder.assetcatalog; path = Assets.xcassets; sourceTree = "<group>"; };
		F5A3572526CBFE9000B0C6FE /* Base */ = {isa = PBXFileReference; lastKnownFileType = file.storyboard; name = Base; path = Base.lproj/Main.storyboard; sourceTree = "<group>"; };
		F5A3572726CBFE9000B0C6FE /* Info.plist */ = {isa = PBXFileReference; lastKnownFileType = text.plist.xml; path = Info.plist; sourceTree = "<group>"; };
		F5A3572826CBFE9000B0C6FE /* beeper.entitlements */ = {isa = PBXFileReference; lastKnownFileType = text.plist.entitlements; path = beeper.entitlements; sourceTree = "<group>"; };
		F5A3572D26CBFE9000B0C6FE /* beeperTests.xctest */ = {isa = PBXFileReference; explicitFileType = wrapper.cfbundle; includeInIndex = 0; path = beeperTests.xctest; sourceTree = BUILT_PRODUCTS_DIR; };
		F5A3573126CBFE9000B0C6FE /* beeperTests.swift */ = {isa = PBXFileReference; lastKnownFileType = sourcecode.swift; path = beeperTests.swift; sourceTree = "<group>"; };
		F5A3573326CBFE9000B0C6FE /* Info.plist */ = {isa = PBXFileReference; lastKnownFileType = text.plist.xml; path = Info.plist; sourceTree = "<group>"; };
		F5A3573826CBFE9000B0C6FE /* beeperUITests.xctest */ = {isa = PBXFileReference; explicitFileType = wrapper.cfbundle; includeInIndex = 0; path = beeperUITests.xctest; sourceTree = BUILT_PRODUCTS_DIR; };
		F5A3573C26CBFE9000B0C6FE /* beeperUITests.swift */ = {isa = PBXFileReference; lastKnownFileType = sourcecode.swift; path = beeperUITests.swift; sourceTree = "<group>"; };
		F5A3573E26CBFE9000B0C6FE /* Info.plist */ = {isa = PBXFileReference; lastKnownFileType = text.plist.xml; path = Info.plist; sourceTree = "<group>"; };
/* End PBXFileReference section */

/* Begin PBXFrameworksBuildPhase section */
		F5A3571826CBFE9000B0C6FE /* Frameworks */ = {
			isa = PBXFrameworksBuildPhase;
			buildActionMask = 2147483647;
			files = (
			);
			runOnlyForDeploymentPostprocessing = 0;
		};
		F5A3572A26CBFE9000B0C6FE /* Frameworks */ = {
			isa = PBXFrameworksBuildPhase;
			buildActionMask = 2147483647;
			files = (
			);
			runOnlyForDeploymentPostprocessing = 0;
		};
		F5A3573526CBFE9000B0C6FE /* Frameworks */ = {
			isa = PBXFrameworksBuildPhase;
			buildActionMask = 2147483647;
			files = (
			);
			runOnlyForDeploymentPostprocessing = 0;
		};
/* End PBXFrameworksBuildPhase section */

/* Begin PBXGroup section */
		F5A3571226CBFE9000B0C6FE = {
			isa = PBXGroup;
			children = (
				F5A3571D26CBFE9000B0C6FE /* beeper */,
				F5A3573026CBFE9000B0C6FE /* beeperTests */,
				F5A3573B26CBFE9000B0C6FE /* beeperUITests */,
				F5A3571C26CBFE9000B0C6FE /* Products */,
			);
			sourceTree = "<group>";
		};
		F5A3571C26CBFE9000B0C6FE /* Products */ = {
			isa = PBXGroup;
			children = (
				F5A3571B26CBFE9000B0C6FE /* beeper.app */,
				F5A3572D26CBFE9000B0C6FE /* beeperTests.xctest */,
				F5A3573826CBFE9000B0C6FE /* beeperUITests.xctest */,
			);
			name = Products;
			sourceTree = "<group>";
		};
		F5A3571D26CBFE9000B0C6FE /* beeper */ = {
			isa = PBXGroup;
			children = (
				F53BCC2226CC05EC00E19E41 /* play.png */,
				F5A3571E26CBFE9000B0C6FE /* AppDelegate.swift */,
				F5A3572026CBFE9000B0C6FE /* ViewController.swift */,
				F53BCC1E26CC04C900E19E41 /* SoundCollectionViewItem.swift */,
				F53BCC2726CC0CE900E19E41 /* SoundView.swift */,
				F53BCC1F26CC04C900E19E41 /* SoundCollectionViewItem.xib */,
				F5A3572226CBFE9000B0C6FE /* Assets.xcassets */,
				F5A3572426CBFE9000B0C6FE /* Main.storyboard */,
				F5A3572726CBFE9000B0C6FE /* Info.plist */,
				F5A3572826CBFE9000B0C6FE /* beeper.entitlements */,
			);
			path = beeper;
			sourceTree = "<group>";
		};
		F5A3573026CBFE9000B0C6FE /* beeperTests */ = {
			isa = PBXGroup;
			children = (
				F5A3573126CBFE9000B0C6FE /* beeperTests.swift */,
				F5A3573326CBFE9000B0C6FE /* Info.plist */,
			);
			path = beeperTests;
			sourceTree = "<group>";
		};
		F5A3573B26CBFE9000B0C6FE /* beeperUITests */ = {
			isa = PBXGroup;
			children = (
				F5A3573C26CBFE9000B0C6FE /* beeperUITests.swift */,
				F5A3573E26CBFE9000B0C6FE /* Info.plist */,
			);
			path = beeperUITests;
			sourceTree = "<group>";
		};
/* End PBXGroup section */

/* Begin PBXNativeTarget section */
		F5A3571A26CBFE9000B0C6FE /* beeper */ = {
			isa = PBXNativeTarget;
			buildConfigurationList = F5A3574126CBFE9000B0C6FE /* Build configuration list for PBXNativeTarget "beeper" */;
			buildPhases = (
				F5A3571726CBFE9000B0C6FE /* Sources */,
				F5A3571826CBFE9000B0C6FE /* Frameworks */,
				F5A3571926CBFE9000B0C6FE /* Resources */,
				F53BCC2426CC0AA300E19E41 /* ShellScript */,
			);
			buildRules = (
			);
			dependencies = (
			);
			name = beeper;
			productName = beeper;
			productReference = F5A3571B26CBFE9000B0C6FE /* beeper.app */;
			productType = "com.apple.product-type.application";
		};
		F5A3572C26CBFE9000B0C6FE /* beeperTests */ = {
			isa = PBXNativeTarget;
			buildConfigurationList = F5A3574426CBFE9000B0C6FE /* Build configuration list for PBXNativeTarget "beeperTests" */;
			buildPhases = (
				F5A3572926CBFE9000B0C6FE /* Sources */,
				F5A3572A26CBFE9000B0C6FE /* Frameworks */,
				F5A3572B26CBFE9000B0C6FE /* Resources */,
			);
			buildRules = (
			);
			dependencies = (
				F5A3572F26CBFE9000B0C6FE /* PBXTargetDependency */,
			);
			name = beeperTests;
			productName = beeperTests;
			productReference = F5A3572D26CBFE9000B0C6FE /* beeperTests.xctest */;
			productType = "com.apple.product-type.bundle.unit-test";
		};
		F5A3573726CBFE9000B0C6FE /* beeperUITests */ = {
			isa = PBXNativeTarget;
			buildConfigurationList = F5A3574726CBFE9000B0C6FE /* Build configuration list for PBXNativeTarget "beeperUITests" */;
			buildPhases = (
				F5A3573426CBFE9000B0C6FE /* Sources */,
				F5A3573526CBFE9000B0C6FE /* Frameworks */,
				F5A3573626CBFE9000B0C6FE /* Resources */,
			);
			buildRules = (
			);
			dependencies = (
				F5A3573A26CBFE9000B0C6FE /* PBXTargetDependency */,
			);
			name = beeperUITests;
			productName = beeperUITests;
			productReference = F5A3573826CBFE9000B0C6FE /* beeperUITests.xctest */;
			productType = "com.apple.product-type.bundle.ui-testing";
		};
/* End PBXNativeTarget section */

/* Begin PBXProject section */
		F5A3571326CBFE9000B0C6FE /* Project object */ = {
			isa = PBXProject;
			attributes = {
				BuildIndependentTargetsInParallel = YES;
				LastSwiftUpdateCheck = 1250;
				LastUpgradeCheck = 1250;
				TargetAttributes = {
					F5A3571A26CBFE9000B0C6FE = {
						CreatedOnToolsVersion = 12.5.1;
					};
					F5A3572C26CBFE9000B0C6FE = {
						CreatedOnToolsVersion = 12.5.1;
						TestTargetID = F5A3571A26CBFE9000B0C6FE;
					};
					F5A3573726CBFE9000B0C6FE = {
						CreatedOnToolsVersion = 12.5.1;
						TestTargetID = F5A3571A26CBFE9000B0C6FE;
					};
				};
			};
			buildConfigurationList = F5A3571626CBFE9000B0C6FE /* Build configuration list for PBXProject "beeper" */;
			compatibilityVersion = "Xcode 9.3";
			developmentRegion = en;
			hasScannedForEncodings = 0;
			knownRegions = (
				en,
				Base,
			);
			mainGroup = F5A3571226CBFE9000B0C6FE;
			productRefGroup = F5A3571C26CBFE9000B0C6FE /* Products */;
			projectDirPath = "";
			projectRoot = "";
			targets = (
				F5A3571A26CBFE9000B0C6FE /* beeper */,
				F5A3572C26CBFE9000B0C6FE /* beeperTests */,
				F5A3573726CBFE9000B0C6FE /* beeperUITests */,
			);
		};
/* End PBXProject section */

/* Begin PBXResourcesBuildPhase section */
		F5A3571926CBFE9000B0C6FE /* Resources */ = {
			isa = PBXResourcesBuildPhase;
			buildActionMask = 2147483647;
			files = (
				F5A3572326CBFE9000B0C6FE /* Assets.xcassets in Resources */,
				F53BCC2126CC04C900E19E41 /* SoundCollectionViewItem.xib in Resources */,
				F5A3572626CBFE9000B0C6FE /* Main.storyboard in Resources */,
				F53BCC2326CC05EC00E19E41 /* play.png in Resources */,
			);
			runOnlyForDeploymentPostprocessing = 0;
		};
		F5A3572B26CBFE9000B0C6FE /* Resources */ = {
			isa = PBXResourcesBuildPhase;
			buildActionMask = 2147483647;
			files = (
			);
			runOnlyForDeploymentPostprocessing = 0;
		};
		F5A3573626CBFE9000B0C6FE /* Resources */ = {
			isa = PBXResourcesBuildPhase;
			buildActionMask = 2147483647;
			files = (
			);
			runOnlyForDeploymentPostprocessing = 0;
		};
/* End PBXResourcesBuildPhase section */

/* Begin PBXShellScriptBuildPhase section */
		F53BCC2426CC0AA300E19E41 /* ShellScript */ = {
			isa = PBXShellScriptBuildPhase;
			buildActionMask = 2147483647;
			files = (
			);
			inputFileListPaths = (
			);
			inputPaths = (
			);
			outputFileListPaths = (
			);
			outputPaths = (
			);
			runOnlyForDeploymentPostprocessing = 0;
			shellPath = /bin/sh;
			shellScript = "xattr -cr ~/Library/Developer/Xcode/DerivedData || echo Clear\n";
		};
/* End PBXShellScriptBuildPhase section */

/* Begin PBXSourcesBuildPhase section */
		F5A3571726CBFE9000B0C6FE /* Sources */ = {
			isa = PBXSourcesBuildPhase;
			buildActionMask = 2147483647;
			files = (
				F53BCC2826CC0CE900E19E41 /* SoundView.swift in Sources */,
				F53BCC2026CC04C900E19E41 /* SoundCollectionViewItem.swift in Sources */,
				F5A3572126CBFE9000B0C6FE /* ViewController.swift in Sources */,
				F5A3571F26CBFE9000B0C6FE /* AppDelegate.swift in Sources */,
			);
			runOnlyForDeploymentPostprocessing = 0;
		};
		F5A3572926CBFE9000B0C6FE /* Sources */ = {
			isa = PBXSourcesBuildPhase;
			buildActionMask = 2147483647;
			files = (
				F5A3573226CBFE9000B0C6FE /* beeperTests.swift in Sources */,
			);
			runOnlyForDeploymentPostprocessing = 0;
		};
		F5A3573426CBFE9000B0C6FE /* Sources */ = {
			isa = PBXSourcesBuildPhase;
			buildActionMask = 2147483647;
			files = (
				F5A3573D26CBFE9000B0C6FE /* beeperUITests.swift in Sources */,
			);
			runOnlyForDeploymentPostprocessing = 0;
		};
/* End PBXSourcesBuildPhase section */

/* Begin PBXTargetDependency section */
		F5A3572F26CBFE9000B0C6FE /* PBXTargetDependency */ = {
			isa = PBXTargetDependency;
			target = F5A3571A26CBFE9000B0C6FE /* beeper */;
			targetProxy = F5A3572E26CBFE9000B0C6FE /* PBXContainerItemProxy */;
		};
		F5A3573A26CBFE9000B0C6FE /* PBXTargetDependency */ = {
			isa = PBXTargetDependency;
			target = F5A3571A26CBFE9000B0C6FE /* beeper */;
			targetProxy = F5A3573926CBFE9000B0C6FE /* PBXContainerItemProxy */;
		};
/* End PBXTargetDependency section */

/* Begin PBXVariantGroup section */
		F5A3572426CBFE9000B0C6FE /* Main.storyboard */ = {
			isa = PBXVariantGroup;
			children = (
				F5A3572526CBFE9000B0C6FE /* Base */,
			);
			name = Main.storyboard;
			sourceTree = "<group>";
		};
/* End PBXVariantGroup section */

/* Begin XCBuildConfiguration section */
		F5A3573F26CBFE9000B0C6FE /* Debug */ = {
			isa = XCBuildConfiguration;
			buildSettings = {
				ALWAYS_SEARCH_USER_PATHS = NO;
				CLANG_ANALYZER_NONNULL = YES;
				CLANG_ANALYZER_NUMBER_OBJECT_CONVERSION = YES_AGGRESSIVE;
				CLANG_CXX_LANGUAGE_STANDARD = "gnu++14";
				CLANG_CXX_LIBRARY = "libc++";
				CLANG_ENABLE_MODULES = YES;
				CLANG_ENABLE_OBJC_ARC = YES;
				CLANG_ENABLE_OBJC_WEAK = YES;
				CLANG_WARN_BLOCK_CAPTURE_AUTORELEASING = YES;
				CLANG_WARN_BOOL_CONVERSION = YES;
				CLANG_WARN_COMMA = YES;
				CLANG_WARN_CONSTANT_CONVERSION = YES;
				CLANG_WARN_DEPRECATED_OBJC_IMPLEMENTATIONS = YES;
				CLANG_WARN_DIRECT_OBJC_ISA_USAGE = YES_ERROR;
				CLANG_WARN_DOCUMENTATION_COMMENTS = YES;
				CLANG_WARN_EMPTY_BODY = YES;
				CLANG_WARN_ENUM_CONVERSION = YES;
				CLANG_WARN_INFINITE_RECURSION = YES;
				CLANG_WARN_INT_CONVERSION = YES;
				CLANG_WARN_NON_LITERAL_NULL_CONVERSION = YES;
				CLANG_WARN_OBJC_IMPLICIT_RETAIN_SELF = YES;
				CLANG_WARN_OBJC_LITERAL_CONVERSION = YES;
				CLANG_WARN_OBJC_ROOT_CLASS = YES_ERROR;
				CLANG_WARN_QUOTED_INCLUDE_IN_FRAMEWORK_HEADER = YES;
				CLANG_WARN_RANGE_LOOP_ANALYSIS = YES;
				CLANG_WARN_STRICT_PROTOTYPES = YES;
				CLANG_WARN_SUSPICIOUS_MOVE = YES;
				CLANG_WARN_UNGUARDED_AVAILABILITY = YES_AGGRESSIVE;
				CLANG_WARN_UNREACHABLE_CODE = YES;
				CLANG_WARN__DUPLICATE_METHOD_MATCH = YES;
				COPY_PHASE_STRIP = NO;
				DEBUG_INFORMATION_FORMAT = dwarf;
				ENABLE_STRICT_OBJC_MSGSEND = YES;
				ENABLE_TESTABILITY = YES;
				GCC_C_LANGUAGE_STANDARD = gnu11;
				GCC_DYNAMIC_NO_PIC = NO;
				GCC_NO_COMMON_BLOCKS = YES;
				GCC_OPTIMIZATION_LEVEL = 0;
				GCC_PREPROCESSOR_DEFINITIONS = (
					"DEBUG=1",
					"$(inherited)",
				);
				GCC_WARN_64_TO_32_BIT_CONVERSION = YES;
				GCC_WARN_ABOUT_RETURN_TYPE = YES_ERROR;
				GCC_WARN_UNDECLARED_SELECTOR = YES;
				GCC_WARN_UNINITIALIZED_AUTOS = YES_AGGRESSIVE;
				GCC_WARN_UNUSED_FUNCTION = YES;
				GCC_WARN_UNUSED_VARIABLE = YES;
				MACOSX_DEPLOYMENT_TARGET = 11.3;
				MTL_ENABLE_DEBUG_INFO = INCLUDE_SOURCE;
				MTL_FAST_MATH = YES;
				ONLY_ACTIVE_ARCH = YES;
				SDKROOT = macosx;
				SWIFT_ACTIVE_COMPILATION_CONDITIONS = DEBUG;
				SWIFT_OPTIMIZATION_LEVEL = "-Onone";
			};
			name = Debug;
		};
		F5A3574026CBFE9000B0C6FE /* Release */ = {
			isa = XCBuildConfiguration;
			buildSettings = {
				ALWAYS_SEARCH_USER_PATHS = NO;
				CLANG_ANALYZER_NONNULL = YES;
				CLANG_ANALYZER_NUMBER_OBJECT_CONVERSION = YES_AGGRESSIVE;
				CLANG_CXX_LANGUAGE_STANDARD = "gnu++14";
				CLANG_CXX_LIBRARY = "libc++";
				CLANG_ENABLE_MODULES = YES;
				CLANG_ENABLE_OBJC_ARC = YES;
				CLANG_ENABLE_OBJC_WEAK = YES;
				CLANG_WARN_BLOCK_CAPTURE_AUTORELEASING = YES;
				CLANG_WARN_BOOL_CONVERSION = YES;
				CLANG_WARN_COMMA = YES;
				CLANG_WARN_CONSTANT_CONVERSION = YES;
				CLANG_WARN_DEPRECATED_OBJC_IMPLEMENTATIONS = YES;
				CLANG_WARN_DIRECT_OBJC_ISA_USAGE = YES_ERROR;
				CLANG_WARN_DOCUMENTATION_COMMENTS = YES;
				CLANG_WARN_EMPTY_BODY = YES;
				CLANG_WARN_ENUM_CONVERSION = YES;
				CLANG_WARN_INFINITE_RECURSION = YES;
				CLANG_WARN_INT_CONVERSION = YES;
				CLANG_WARN_NON_LITERAL_NULL_CONVERSION = YES;
				CLANG_WARN_OBJC_IMPLICIT_RETAIN_SELF = YES;
				CLANG_WARN_OBJC_LITERAL_CONVERSION = YES;
				CLANG_WARN_OBJC_ROOT_CLASS = YES_ERROR;
				CLANG_WARN_QUOTED_INCLUDE_IN_FRAMEWORK_HEADER = YES;
				CLANG_WARN_RANGE_LOOP_ANALYSIS = YES;
				CLANG_WARN_STRICT_PROTOTYPES = YES;
				CLANG_WARN_SUSPICIOUS_MOVE = YES;
				CLANG_WARN_UNGUARDED_AVAILABILITY = YES_AGGRESSIVE;
				CLANG_WARN_UNREACHABLE_CODE = YES;
				CLANG_WARN__DUPLICATE_METHOD_MATCH = YES;
				COPY_PHASE_STRIP = NO;
				DEBUG_INFORMATION_FORMAT = "dwarf-with-dsym";
				ENABLE_NS_ASSERTIONS = NO;
				ENABLE_STRICT_OBJC_MSGSEND = YES;
				GCC_C_LANGUAGE_STANDARD = gnu11;
				GCC_NO_COMMON_BLOCKS = YES;
				GCC_WARN_64_TO_32_BIT_CONVERSION = YES;
				GCC_WARN_ABOUT_RETURN_TYPE = YES_ERROR;
				GCC_WARN_UNDECLARED_SELECTOR = YES;
				GCC_WARN_UNINITIALIZED_AUTOS = YES_AGGRESSIVE;
				GCC_WARN_UNUSED_FUNCTION = YES;
				GCC_WARN_UNUSED_VARIABLE = YES;
				MACOSX_DEPLOYMENT_TARGET = 11.3;
				MTL_ENABLE_DEBUG_INFO = NO;
				MTL_FAST_MATH = YES;
				SDKROOT = macosx;
				SWIFT_COMPILATION_MODE = wholemodule;
				SWIFT_OPTIMIZATION_LEVEL = "-O";
			};
			name = Release;
		};
		F5A3574226CBFE9000B0C6FE /* Debug */ = {
			isa = XCBuildConfiguration;
			buildSettings = {
				ASSETCATALOG_COMPILER_APPICON_NAME = AppIcon;
				ASSETCATALOG_COMPILER_GLOBAL_ACCENT_COLOR_NAME = AccentColor;
				CODE_SIGN_ENTITLEMENTS = beeper/beeper.entitlements;
				CODE_SIGN_IDENTITY = "Apple Development";
				CODE_SIGN_STYLE = Automatic;
				COMBINE_HIDPI_IMAGES = YES;
				DEVELOPMENT_TEAM = J6Y2E28XZT;
				ENABLE_HARDENED_RUNTIME = YES;
				INFOPLIST_FILE = beeper/Info.plist;
				LD_RUNPATH_SEARCH_PATHS = (
					"$(inherited)",
					"@executable_path/../Frameworks",
				);
				PRODUCT_BUNDLE_IDENTIFIER = com.cowsayshow.beeper;
				PRODUCT_NAME = "$(TARGET_NAME)";
				PROVISIONING_PROFILE_SPECIFIER = "";
				SWIFT_VERSION = 5.0;
			};
			name = Debug;
		};
		F5A3574326CBFE9000B0C6FE /* Release */ = {
			isa = XCBuildConfiguration;
			buildSettings = {
				ASSETCATALOG_COMPILER_APPICON_NAME = AppIcon;
				ASSETCATALOG_COMPILER_GLOBAL_ACCENT_COLOR_NAME = AccentColor;
				CODE_SIGN_ENTITLEMENTS = beeper/beeper.entitlements;
				CODE_SIGN_IDENTITY = "Apple Development";
				CODE_SIGN_STYLE = Automatic;
				COMBINE_HIDPI_IMAGES = YES;
				DEVELOPMENT_TEAM = J6Y2E28XZT;
				ENABLE_HARDENED_RUNTIME = YES;
				INFOPLIST_FILE = beeper/Info.plist;
				LD_RUNPATH_SEARCH_PATHS = (
					"$(inherited)",
					"@executable_path/../Frameworks",
				);
				PRODUCT_BUNDLE_IDENTIFIER = com.cowsayshow.beeper;
				PRODUCT_NAME = "$(TARGET_NAME)";
				PROVISIONING_PROFILE_SPECIFIER = "";
				SWIFT_VERSION = 5.0;
			};
			name = Release;
		};
		F5A3574526CBFE9000B0C6FE /* Debug */ = {
			isa = XCBuildConfiguration;
			buildSettings = {
				ALWAYS_EMBED_SWIFT_STANDARD_LIBRARIES = YES;
				BUNDLE_LOADER = "$(TEST_HOST)";
				CODE_SIGN_STYLE = Automatic;
				COMBINE_HIDPI_IMAGES = YES;
				DEVELOPMENT_TEAM = J6Y2E28XZT;
				INFOPLIST_FILE = beeperTests/Info.plist;
				LD_RUNPATH_SEARCH_PATHS = (
					"$(inherited)",
					"@executable_path/../Frameworks",
					"@loader_path/../Frameworks",
				);
				MACOSX_DEPLOYMENT_TARGET = 11.3;
				PRODUCT_BUNDLE_IDENTIFIER = com.cowsayshow.beeperTests;
				PRODUCT_NAME = "$(TARGET_NAME)";
				SWIFT_VERSION = 5.0;
				TEST_HOST = "$(BUILT_PRODUCTS_DIR)/beeper.app/Contents/MacOS/beeper";
			};
			name = Debug;
		};
		F5A3574626CBFE9000B0C6FE /* Release */ = {
			isa = XCBuildConfiguration;
			buildSettings = {
				ALWAYS_EMBED_SWIFT_STANDARD_LIBRARIES = YES;
				BUNDLE_LOADER = "$(TEST_HOST)";
				CODE_SIGN_STYLE = Automatic;
				COMBINE_HIDPI_IMAGES = YES;
				DEVELOPMENT_TEAM = J6Y2E28XZT;
				INFOPLIST_FILE = beeperTests/Info.plist;
				LD_RUNPATH_SEARCH_PATHS = (
					"$(inherited)",
					"@executable_path/../Frameworks",
					"@loader_path/../Frameworks",
				);
				MACOSX_DEPLOYMENT_TARGET = 11.3;
				PRODUCT_BUNDLE_IDENTIFIER = com.cowsayshow.beeperTests;
				PRODUCT_NAME = "$(TARGET_NAME)";
				SWIFT_VERSION = 5.0;
				TEST_HOST = "$(BUILT_PRODUCTS_DIR)/beeper.app/Contents/MacOS/beeper";
			};
			name = Release;
		};
		F5A3574826CBFE9000B0C6FE /* Debug */ = {
			isa = XCBuildConfiguration;
			buildSettings = {
				ALWAYS_EMBED_SWIFT_STANDARD_LIBRARIES = YES;
				CODE_SIGN_STYLE = Automatic;
				COMBINE_HIDPI_IMAGES = YES;
				DEVELOPMENT_TEAM = J6Y2E28XZT;
				INFOPLIST_FILE = beeperUITests/Info.plist;
				LD_RUNPATH_SEARCH_PATHS = (
					"$(inherited)",
					"@executable_path/../Frameworks",
					"@loader_path/../Frameworks",
				);
				PRODUCT_BUNDLE_IDENTIFIER = com.cowsayshow.beeperUITests;
				PRODUCT_NAME = "$(TARGET_NAME)";
				SWIFT_VERSION = 5.0;
				TEST_TARGET_NAME = beeper;
			};
			name = Debug;
		};
		F5A3574926CBFE9000B0C6FE /* Release */ = {
			isa = XCBuildConfiguration;
			buildSettings = {
				ALWAYS_EMBED_SWIFT_STANDARD_LIBRARIES = YES;
				CODE_SIGN_STYLE = Automatic;
				COMBINE_HIDPI_IMAGES = YES;
				DEVELOPMENT_TEAM = J6Y2E28XZT;
				INFOPLIST_FILE = beeperUITests/Info.plist;
				LD_RUNPATH_SEARCH_PATHS = (
					"$(inherited)",
					"@executable_path/../Frameworks",
					"@loader_path/../Frameworks",
				);
				PRODUCT_BUNDLE_IDENTIFIER = com.cowsayshow.beeperUITests;
				PRODUCT_NAME = "$(TARGET_NAME)";
				SWIFT_VERSION = 5.0;
				TEST_TARGET_NAME = beeper;
			};
			name = Release;
		};
/* End XCBuildConfiguration section */

/* Begin XCConfigurationList section */
		F5A3571626CBFE9000B0C6FE /* Build configuration list for PBXProject "beeper" */ = {
			isa = XCConfigurationList;
			buildConfigurations = (
				F5A3573F26CBFE9000B0C6FE /* Debug */,
				F5A3574026CBFE9000B0C6FE /* Release */,
			);
			defaultConfigurationIsVisible = 0;
			defaultConfigurationName = Release;
		};
		F5A3574126CBFE9000B0C6FE /* Build configuration list for PBXNativeTarget "beeper" */ = {
			isa = XCConfigurationList;
			buildConfigurations = (
				F5A3574226CBFE9000B0C6FE /* Debug */,
				F5A3574326CBFE9000B0C6FE /* Release */,
			);
			defaultConfigurationIsVisible = 0;
			defaultConfigurationName = Release;
		};
		F5A3574426CBFE9000B0C6FE /* Build configuration list for PBXNativeTarget "beeperTests" */ = {
			isa = XCConfigurationList;
			buildConfigurations = (
				F5A3574526CBFE9000B0C6FE /* Debug */,
				F5A3574626CBFE9000B0C6FE /* Release */,
			);
			defaultConfigurationIsVisible = 0;
			defaultConfigurationName = Release;
		};
		F5A3574726CBFE9000B0C6FE /* Build configuration list for PBXNativeTarget "beeperUITests" */ = {
			isa = XCConfigurationList;
			buildConfigurations = (
				F5A3574826CBFE9000B0C6FE /* Debug */,
				F5A3574926CBFE9000B0C6FE /* Release */,
			);
			defaultConfigurationIsVisible = 0;
			defaultConfigurationName = Release;
		};
/* End XCConfigurationList section */
	};
	rootObject = F5A3571326CBFE9000B0C6FE /* Project object */;
}
